
Microsoft Visual Studio Solution File, Format Version 12.00
# Visual Studio Version 17
VisualStudioVersion = 17.1.32421.90
MinimumVisualStudioVersion = 10.0.40219.1
Project("{9A19103F-16F7-4668-BE54-9A1E7A4F7556}") = "CodeFirstTp3", "CodeFirstTp3\CodeFirstTp3.csproj", "{7E66D968-B468-4CAB-8724-CA7272D0D252}"
EndProject
Project("{FAE04EC0-301F-11D3-BF4B-00C04F79EFBC}") = "TP03ClientDonne", "TP03ClientDonne\TP03ClientDonne.csproj", "{9F88B291-F3F5-41C6-875D-B667E3BEAD2E}"
EndProject
Project("{FAE04EC0-301F-11D3-BF4B-00C04F79EFBC}") = "WcfServiceConference", "WcfServiceConference\WcfServiceConference.csproj", "{62BBBE6A-C82B-49B5-A54A-6AF6B7108B82}"
EndProject
Project("{FAE04EC0-301F-11D3-BF4B-00C04F79EFBC}") = "ConferenceHost", "ConferenceHost\ConferenceHost.csproj", "{0F88C694-3BC0-4138-83DD-D8E8CD526A18}"
EndProject
Project("{FAE04EC0-301F-11D3-BF4B-00C04F79EFBC}") = "ConferenceClient1", "ConferenceClient1\ConferenceClient1.csproj", "{5593D1F3-8C92-4613-BEDD-C569ED4CDA86}"
	ProjectSection(ProjectDependencies) = postProject
		{62BBBE6A-C82B-49B5-A54A-6AF6B7108B82} = {62BBBE6A-C82B-49B5-A54A-6AF6B7108B82}
	EndProjectSection
EndProject
Global
	GlobalSection(SolutionConfigurationPlatforms) = preSolution
		Debug|Any CPU = Debug|Any CPU
		Release|Any CPU = Release|Any CPU
	EndGlobalSection
	GlobalSection(ProjectConfigurationPlatforms) = postSolution
		{7E66D968-B468-4CAB-8724-CA7272D0D252}.Debug|Any CPU.ActiveCfg = Debug|Any CPU
		{7E66D968-B468-4CAB-8724-CA7272D0D252}.Debug|Any CPU.Build.0 = Debug|Any CPU
		{7E66D968-B468-4CAB-8724-CA7272D0D252}.Release|Any CPU.ActiveCfg = Release|Any CPU
		{7E66D968-B468-4CAB-8724-CA7272D0D252}.Release|Any CPU.Build.0 = Release|Any CPU
		{9F88B291-F3F5-41C6-875D-B667E3BEAD2E}.Debug|Any CPU.ActiveCfg = Debug|Any CPU
		{9F88B291-F3F5-41C6-875D-B667E3BEAD2E}.Debug|Any CPU.Build.0 = Debug|Any CPU
		{9F88B291-F3F5-41C6-875D-B667E3BEAD2E}.Release|Any CPU.ActiveCfg = Release|Any CPU
		{9F88B291-F3F5-41C6-875D-B667E3BEAD2E}.Release|Any CPU.Build.0 = Release|Any CPU
		{62BBBE6A-C82B-49B5-A54A-6AF6B7108B82}.Debug|Any CPU.ActiveCfg = Debug|Any CPU
		{62BBBE6A-C82B-49B5-A54A-6AF6B7108B82}.Debug|Any CPU.Build.0 = Debug|Any CPU
		{62BBBE6A-C82B-49B5-A54A-6AF6B7108B82}.Release|Any CPU.ActiveCfg = Release|Any CPU
		{62BBBE6A-C82B-49B5-A54A-6AF6B7108B82}.Release|Any CPU.Build.0 = Release|Any CPU
		{0F88C694-3BC0-4138-83DD-D8E8CD526A18}.Debug|Any CPU.ActiveCfg = Debug|Any CPU
		{0F88C694-3BC0-4138-83DD-D8E8CD526A18}.Debug|Any CPU.Build.0 = Debug|Any CPU
		{0F88C694-3BC0-4138-83DD-D8E8CD526A18}.Release|Any CPU.ActiveCfg = Release|Any CPU
		{0F88C694-3BC0-4138-83DD-D8E8CD526A18}.Release|Any CPU.Build.0 = Release|Any CPU
		{5593D1F3-8C92-4613-BEDD-C569ED4CDA86}.Debug|Any CPU.ActiveCfg = Debug|Any CPU
		{5593D1F3-8C92-4613-BEDD-C569ED4CDA86}.Debug|Any CPU.Build.0 = Debug|Any CPU
		{5593D1F3-8C92-4613-BEDD-C569ED4CDA86}.Release|Any CPU.ActiveCfg = Release|Any CPU
		{5593D1F3-8C92-4613-BEDD-C569ED4CDA86}.Release|Any CPU.Build.0 = Release|Any CPU
	EndGlobalSection
	GlobalSection(SolutionProperties) = preSolution
		HideSolutionNode = FALSE
	EndGlobalSection
	GlobalSection(ExtensibilityGlobals) = postSolution
		SolutionGuid = {CA55EEDE-121F-4583-B8C5-6DF2B4DA8C88}
	EndGlobalSection
EndGlobal
